
Microsoft Visual Studio Solution File, Format Version 11.00
# Visual Studio 2010
Project("{FAE04EC0-301F-11D3-BF4B-00C04F79EFBC}") = "DartEm", "DartEm\DartEm\DartEm.csproj", "{9B40D721-E9AC-4837-829A-A1BC9B6ABA2D}"
EndProject
Project("{96E2B04D-8817-42C6-938A-82C39BA4D311}") = "DartEmContent", "DartEm\DartEmContent\DartEmContent.contentproj", "{9EA43602-E547-4C0E-ADE8-1865B5D95D2E}"
EndProject
Global
	GlobalSection(SolutionConfigurationPlatforms) = preSolution
		Debug|Windows Phone = Debug|Windows Phone
		Release|Windows Phone = Release|Windows Phone
	EndGlobalSection
	GlobalSection(ProjectConfigurationPlatforms) = postSolution
		{9B40D721-E9AC-4837-829A-A1BC9B6ABA2D}.Debug|Windows Phone.ActiveCfg = Debug|Windows Phone
		{9B40D721-E9AC-4837-829A-A1BC9B6ABA2D}.Debug|Windows Phone.Build.0 = Debug|Windows Phone
		{9B40D721-E9AC-4837-829A-A1BC9B6ABA2D}.Debug|Windows Phone.Deploy.0 = Debug|Windows Phone
		{9B40D721-E9AC-4837-829A-A1BC9B6ABA2D}.Release|Windows Phone.ActiveCfg = Release|Windows Phone
		{9B40D721-E9AC-4837-829A-A1BC9B6ABA2D}.Release|Windows Phone.Build.0 = Release|Windows Phone
		{9B40D721-E9AC-4837-829A-A1BC9B6ABA2D}.Release|Windows Phone.Deploy.0 = Release|Windows Phone
		{9EA43602-E547-4C0E-ADE8-1865B5D95D2E}.Debug|Windows Phone.ActiveCfg = Debug|Windows Phone
		{9EA43602-E547-4C0E-ADE8-1865B5D95D2E}.Release|Windows Phone.ActiveCfg = Release|Windows Phone
	EndGlobalSection
	GlobalSection(SolutionProperties) = preSolution
		HideSolutionNode = FALSE
	EndGlobalSection
EndGlobal
